
Microsoft Visual Studio Solution File, Format Version 11.00
# Visual Studio 2010
Project("{FAE04EC0-301F-11D3-BF4B-00C04F79EFBC}") = "PS4SaveEditor", "PS4SaveEditor\PS4SaveEditor.csproj", "{527EC19C-F3BC-4198-AD17-67E076DAE8E6}"
EndProject
Global
	GlobalSection(SolutionConfigurationPlatforms) = preSolution
		Debug|Any CPU = Debug|Any CPU
		Release|Any CPU = Release|Any CPU
	EndGlobalSection
	GlobalSection(ProjectConfigurationPlatforms) = postSolution
		{527EC19C-F3BC-4198-AD17-67E076DAE8E6}.Debug|Any CPU.ActiveCfg = Debug|Any CPU
		{527EC19C-F3BC-4198-AD17-67E076DAE8E6}.Debug|Any CPU.Build.0 = Debug|Any CPU
		{527EC19C-F3BC-4198-AD17-67E076DAE8E6}.Release|Any CPU.ActiveCfg = Release|Any CPU
		{527EC19C-F3BC-4198-AD17-67E076DAE8E6}.Release|Any CPU.Build.0 = Release|Any CPU
	EndGlobalSection
	GlobalSection(SolutionProperties) = preSolution
		HideSolutionNode = FALSE
	EndGlobalSection
EndGlobal
